<?xml version="1.0" encoding="utf-8"?>
<Project ToolsVersion="4.0" xmlns="http://schemas.microsoft.com/developer/msbuild/2003">
  <ItemGroup>
    <ClCompile Include="DllMain.cpp" />
    <ClCompile Include="Util\Util.cpp" />
    <ClCompile Include="Util\Pattern\Pattern.cpp" />
    <ClCompile Include="Util\Offsets\Offsets.cpp" />
    <ClCompile Include="Util\VFunc\VFunc.cpp" />
    <ClCompile Include="Util\Math\Math.cpp" />
    <ClCompile Include="Util\NetVarManager\NetVarManager.cpp" />
    <ClCompile Include="Util\Hook\MinHook\buffer.c" />
    <ClCompile Include="Util\Hook\MinHook\hook.c" />
    <ClCompile Include="Util\Hook\MinHook\trampoline.c" />
    <ClCompile Include="Util\Hook\MinHook\hde\hde32.c" />
    <ClCompile Include="Util\Hook\MinHook\hde\hde64.c" />
    <ClCompile Include="Util\Interface\Interface.cpp" />
    <ClCompile Include="SDK\L4D2\Includes\checksum_md5.cpp" />
    <ClCompile Include="SDK\L4D2\Includes\basehandle.cpp" />
    <ClCompile Include="SDK\KeyValues\KeyValues.cpp" />
    <ClCompile Include="SDK\GameUtil\GameUtil.cpp" />
    <ClCompile Include="SDK\DrawManager\DrawManager.cpp" />
    <ClCompile Include="SDK\SDK.cpp" />
    <ClCompile Include="Entry\Entry.cpp" />
    <ClCompile Include="Features\ESP\ESP.cpp" />
    <ClCompile Include="Hooks\Hooks.cpp" />
    <ClCompile Include="Hooks\TerrorPlayer\TerrorPlayer.cpp" />
    <ClCompile Include="Hooks\ClientMode\ClientMode.cpp" />
    <ClCompile Include="Hooks\ClientPrediction\ClientPrediction.cpp" />
    <ClCompile Include="Hooks\CL_Main\CL_Main.cpp" />
    <ClCompile Include="Hooks\BasePlayer\BasePlayer.cpp" />
    <ClCompile Include="Hooks\BaseClient\BaseClient.cpp" />
    <ClCompile Include="Hooks\EngineVGui\EngineVGui.cpp" />
    <ClCompile Include="Hooks\WndProc\WndProc.cpp" />
    <ClCompile Include="Features\Vars.cpp" />
    <ClCompile Include="Features\NoSpread\NoSpread.cpp" />
    <ClCompile Include="Hooks\SequenceTransitioner\SequenceTransitioner.cpp" />
    <ClCompile Include="Hooks\ModelRender\ModelRender.cpp" />
    <ClCompile Include="Hooks\ModelRenderSystem\ModelRenderSystem.cpp" />
    <ClCompile Include="Hooks\TerrorGameRules\TerrorGameRules.cpp" />
    <ClCompile Include="Features\EnginePrediction\EnginePrediction.cpp" />
  </ItemGroup>
  <ItemGroup>
    <ClInclude Include="Util\Util.h" />
    <ClInclude Include="Util\Pattern\Pattern.h" />
    <ClInclude Include="Util\Offsets\Offsets.h" />
    <ClInclude Include="Util\VFunc\VFunc.h" />
    <ClInclude Include="Util\Math\Vector\Vector.h" />
    <ClInclude Include="Util\Math\Vector\Vector2D.h" />
    <ClInclude Include="Util\Math\Math.h" />
    <ClInclude Include="Util\NetVarManager\NetVarManager.h" />
    <ClInclude Include="Util\Hook\Hook.h" />
    <ClInclude Include="Util\Hook\MinHook\buffer.h" />
    <ClInclude Include="Util\Hook\MinHook\MinHook.h" />
    <ClInclude Include="Util\Hook\MinHook\trampoline.h" />
    <ClInclude Include="Util\Hook\MinHook\hde\hde32.h" />
    <ClInclude Include="Util\Hook\MinHook\hde\hde64.h" />
    <ClInclude Include="Util\Hook\MinHook\hde\pstdint.h" />
    <ClInclude Include="Util\Hook\MinHook\hde\table32.h" />
    <ClInclude Include="Util\Hook\MinHook\hde\table64.h" />
    <ClInclude Include="Util\Interface\Interface.h" />
    <ClInclude Include="SDK\L4D2\Includes\usercmd.h" />
    <ClInclude Include="SDK\L4D2\Includes\globalvars_base.h" />
    <ClInclude Include="SDK\L4D2\Includes\dt_common.h" />
    <ClInclude Include="SDK\L4D2\Includes\dt_recv.h" />
    <ClInclude Include="SDK\L4D2\Includes\client_class.h" />
    <ClInclude Include="SDK\L4D2\Includes\color.h" />
    <ClInclude Include="SDK\L4D2\Includes\const.h" />
    <ClInclude Include="SDK\L4D2\Includes\appsystem.h" />
    <ClInclude Include="SDK\L4D2\Includes\checksum_md5.h" />
    <ClInclude Include="SDK\L4D2\Includes\basehandle.h" />
    <ClInclude Include="SDK\L4D2\Includes\ehandle.h" />
    <ClInclude Include="SDK\L4D2\Interfaces\BaseClientDLL.h" />
    <ClInclude Include="SDK\L4D2\Interfaces\DebugOverlay.h" />
    <ClInclude Include="SDK\L4D2\Interfaces\ClientEntityList.h" />
    <ClInclude Include="SDK\L4D2\Interfaces\EngineClient.h" />
    <ClInclude Include="SDK\L4D2\Interfaces\EngineTrace.h" />
    <ClInclude Include="SDK\L4D2\Interfaces\EngineVGui.h" />
    <ClInclude Include="SDK\L4D2\Interfaces\GameMovement.h" />
    <ClInclude Include="SDK\L4D2\Interfaces\ModelInfo.h" />
    <ClInclude Include="SDK\L4D2\Interfaces\ModelRender.h" />
    <ClInclude Include="SDK\L4D2\Interfaces\MoveHelper.h" />
    <ClInclude Include="SDK\L4D2\Interfaces\Prediction.h" />
    <ClInclude Include="SDK\L4D2\Interfaces\RenderView.h" />
    <ClInclude Include="SDK\L4D2\Interfaces\VGuiPanel.h" />
    <ClInclude Include="SDK\L4D2\Interfaces\VGuiSurface.h" />
    <ClInclude Include="SDK\L4D2\Interfaces\MatSystemSurface.h" />
    <ClInclude Include="SDK\L4D2\Interfaces\MatRenderContext.h" />
    <ClInclude Include="SDK\L4D2\Interfaces\MaterialSystem.h" />
    <ClInclude Include="SDK\L4D2\Entities\IHandleEntity.h" />
    <ClInclude Include="SDK\L4D2\Entities\IClientUnknown.h" />
    <ClInclude Include="SDK\L4D2\Entities\IClientThinkable.h" />
    <ClInclude Include="SDK\L4D2\Entities\IClientRenderable.h" />
    <ClInclude Include="SDK\L4D2\Entities\IClientNetworkable.h" />
    <ClInclude Include="SDK\L4D2\Entities\IClientEntity.h" />
    <ClInclude Include="SDK\KeyValues\KeyValues.h" />
    <ClInclude Include="SDK\GameUtil\GameUtil.h" />
    <ClInclude Include="SDK\DrawManager\DrawManager.h" />
    <ClInclude Include="SDK\SDK.h" />
    <ClInclude Include="Entry\Entry.h" />
    <ClInclude Include="Features\Vars.h" />
    <ClInclude Include="Features\ESP\ESP.h" />
    <ClInclude Include="Hooks\Hooks.h" />
    <ClInclude Include="Hooks\TerrorPlayer\TerrorPlayer.h" />
    <ClInclude Include="Hooks\ClientMode\ClientMode.h" />
    <ClInclude Include="Hooks\ClientPrediction\ClientPrediction.h" />
    <ClInclude Include="Hooks\CL_Main\CL_Main.h" />
    <ClInclude Include="Hooks\BasePlayer\BasePlayer.h" />
    <ClInclude Include="Hooks\BaseClient\BaseClient.h" />
    <ClInclude Include="Hooks\EngineVGui\EngineVGui.h" />
    <ClInclude Include="SDK\L4D2\Entities\C_BaseEntity.h" />
    <ClInclude Include="SDK\L4D2\Entities\C_BaseAnimating.h" />
    <ClInclude Include="SDK\L4D2\Entities\C_BasePlayer.h" />
    <ClInclude Include="SDK\L4D2\Entities\C_DynamicProp.h" />
    <ClInclude Include="SDK\L4D2\Entities\C_WeaponCSBase.h" />
    <ClInclude Include="SDK\L4D2\Entities\C_TerrorWeapon.h" />
    <ClInclude Include="SDK\L4D2\Entities\C_CSPlayer.h" />
    <ClInclude Include="SDK\L4D2\Entities\C_TerrorPlayer.h" />
    <ClInclude Include="SDK\L4D2\Entities\C_Infected.h" />
    <ClInclude Include="Hooks\WndProc\WndProc.h" />
    <ClInclude Include="Features\NoSpread\NoSpread.h" />
    <ClInclude Include="Hooks\SequenceTransitioner\SequenceTransitioner.h" />
    <ClInclude Include="Hooks\ModelRender\ModelRender.h" />
    <ClInclude Include="Hooks\ModelRenderSystem\ModelRenderSystem.h" />
    <ClInclude Include="Hooks\TerrorGameRules\TerrorGameRules.h" />
    <ClInclude Include="Util\XorString\XorString.h" />
    <ClInclude Include="Features\EnginePrediction\EnginePrediction.h" />
  </ItemGroup>
</Project>